
Microsoft Visual Studio Solution File, Format Version 12.00
# Visual Studio Version 17
VisualStudioVersion = 17.10.35004.147
MinimumVisualStudioVersion = 10.0.40219.1
Project("{FAE04EC0-301F-11D3-BF4B-00C04F79EFBC}") = "MainBoardApp", "MainBoardApp\MainBoardApp.csproj", "{047E7DD7-0F48-4A86-8BE2-122D04FD0139}"
EndProject
Project("{FAE04EC0-301F-11D3-BF4B-00C04F79EFBC}") = "GamingConsoleApp", "GamingConsoleApp\GamingConsoleApp.csproj", "{56A3FCF6-F1D4-4C89-8CAD-5F32948D2C65}"
EndProject
Global
	GlobalSection(SolutionConfigurationPlatforms) = preSolution
		Debug|Any CPU = Debug|Any CPU
		Release|Any CPU = Release|Any CPU
	EndGlobalSection
	GlobalSection(ProjectConfigurationPlatforms) = postSolution
		{047E7DD7-0F48-4A86-8BE2-122D04FD0139}.Debug|Any CPU.ActiveCfg = Debug|Any CPU
		{047E7DD7-0F48-4A86-8BE2-122D04FD0139}.Debug|Any CPU.Build.0 = Debug|Any CPU
		{047E7DD7-0F48-4A86-8BE2-122D04FD0139}.Release|Any CPU.ActiveCfg = Release|Any CPU
		{047E7DD7-0F48-4A86-8BE2-122D04FD0139}.Release|Any CPU.Build.0 = Release|Any CPU
		{56A3FCF6-F1D4-4C89-8CAD-5F32948D2C65}.Debug|Any CPU.ActiveCfg = Debug|Any CPU
		{56A3FCF6-F1D4-4C89-8CAD-5F32948D2C65}.Debug|Any CPU.Build.0 = Debug|Any CPU
		{56A3FCF6-F1D4-4C89-8CAD-5F32948D2C65}.Release|Any CPU.ActiveCfg = Release|Any CPU
		{56A3FCF6-F1D4-4C89-8CAD-5F32948D2C65}.Release|Any CPU.Build.0 = Release|Any CPU
	EndGlobalSection
	GlobalSection(SolutionProperties) = preSolution
		HideSolutionNode = FALSE
	EndGlobalSection
	GlobalSection(ExtensibilityGlobals) = postSolution
		SolutionGuid = {63CB322A-9080-455E-8AF4-57A2121A5DDA}
	EndGlobalSection
EndGlobal
